
Microsoft Visual Studio Solution File, Format Version 12.00
# Visual Studio Version 17
VisualStudioVersion = 17.0.31903.59
MinimumVisualStudioVersion = 10.0.40219.1
Project("{FAE04EC0-301F-11D3-BF4B-00C04F79EFBC}") = "Domain", "Domain\Domain.csproj", "{43B850D6-936F-4658-A50C-6B760FEECB59}"
EndProject
Project("{FAE04EC0-301F-11D3-BF4B-00C04F79EFBC}") = "Infrastructure", "Infrastructure\Infrastructure.csproj", "{A794104E-C18B-46B5-B3FD-8A487BA84527}"
EndProject
Project("{FAE04EC0-301F-11D3-BF4B-00C04F79EFBC}") = "WebApi", "WebApi\WebApi.csproj", "{FD7C1FF0-8B9B-448B-94A5-B4885C527A3D}"
EndProject
Global
	GlobalSection(SolutionConfigurationPlatforms) = preSolution
		Debug|Any CPU = Debug|Any CPU
		Release|Any CPU = Release|Any CPU
	EndGlobalSection
	GlobalSection(SolutionProperties) = preSolution
		HideSolutionNode = FALSE
	EndGlobalSection
	GlobalSection(ProjectConfigurationPlatforms) = postSolution
		{43B850D6-936F-4658-A50C-6B760FEECB59}.Debug|Any CPU.ActiveCfg = Debug|Any CPU
		{43B850D6-936F-4658-A50C-6B760FEECB59}.Debug|Any CPU.Build.0 = Debug|Any CPU
		{43B850D6-936F-4658-A50C-6B760FEECB59}.Release|Any CPU.ActiveCfg = Release|Any CPU
		{43B850D6-936F-4658-A50C-6B760FEECB59}.Release|Any CPU.Build.0 = Release|Any CPU
		{A794104E-C18B-46B5-B3FD-8A487BA84527}.Debug|Any CPU.ActiveCfg = Debug|Any CPU
		{A794104E-C18B-46B5-B3FD-8A487BA84527}.Debug|Any CPU.Build.0 = Debug|Any CPU
		{A794104E-C18B-46B5-B3FD-8A487BA84527}.Release|Any CPU.ActiveCfg = Release|Any CPU
		{A794104E-C18B-46B5-B3FD-8A487BA84527}.Release|Any CPU.Build.0 = Release|Any CPU
		{FD7C1FF0-8B9B-448B-94A5-B4885C527A3D}.Debug|Any CPU.ActiveCfg = Debug|Any CPU
		{FD7C1FF0-8B9B-448B-94A5-B4885C527A3D}.Debug|Any CPU.Build.0 = Debug|Any CPU
		{FD7C1FF0-8B9B-448B-94A5-B4885C527A3D}.Release|Any CPU.ActiveCfg = Release|Any CPU
		{FD7C1FF0-8B9B-448B-94A5-B4885C527A3D}.Release|Any CPU.Build.0 = Release|Any CPU
	EndGlobalSection
EndGlobal
